
Microsoft Visual Studio Solution File, Format Version 12.00
# Visual Studio Version 16
VisualStudioVersion = 16.0.31019.35
MinimumVisualStudioVersion = 10.0.40219.1
Project("{9A19103F-16F7-4668-BE54-9A1E7A4F7556}") = "Task2", "Task2\Task2.csproj", "{458517C2-54E5-4B44-BC7B-C3E847F81BDF}"
EndProject
Project("{9A19103F-16F7-4668-BE54-9A1E7A4F7556}") = "Task3", "Task3\Task3.csproj", "{59A9B946-25E8-487F-BF18-0D63B8987FCE}"
EndProject
Project("{9A19103F-16F7-4668-BE54-9A1E7A4F7556}") = "Task5", "Task5\Task5.csproj", "{18399AF3-A919-436F-ABF1-5982F3486344}"
EndProject
Project("{9A19103F-16F7-4668-BE54-9A1E7A4F7556}") = "Task4", "Task4\Task4.csproj", "{6FF55941-D889-409F-9751-52FA7BDF8D43}"
EndProject
Project("{9A19103F-16F7-4668-BE54-9A1E7A4F7556}") = "Task6", "Task6\Task6.csproj", "{FFDF901E-5C3E-47BB-9B50-EB9D3707C378}"
EndProject
Project("{9A19103F-16F7-4668-BE54-9A1E7A4F7556}") = "Task7", "Task7\Task7.csproj", "{9E292DD7-B9BE-4C37-B74C-3D3A7220A8C2}"
EndProject
Project("{FAE04EC0-301F-11D3-BF4B-00C04F79EFBC}") = "Task8", "Task8\Task8.csproj", "{7720F07A-8BA4-416B-B064-1ECCC18F78C7}"
EndProject
Global
	GlobalSection(SolutionConfigurationPlatforms) = preSolution
		Debug|Any CPU = Debug|Any CPU
		Release|Any CPU = Release|Any CPU
	EndGlobalSection
	GlobalSection(ProjectConfigurationPlatforms) = postSolution
		{458517C2-54E5-4B44-BC7B-C3E847F81BDF}.Debug|Any CPU.ActiveCfg = Debug|Any CPU
		{458517C2-54E5-4B44-BC7B-C3E847F81BDF}.Debug|Any CPU.Build.0 = Debug|Any CPU
		{458517C2-54E5-4B44-BC7B-C3E847F81BDF}.Release|Any CPU.ActiveCfg = Release|Any CPU
		{458517C2-54E5-4B44-BC7B-C3E847F81BDF}.Release|Any CPU.Build.0 = Release|Any CPU
		{59A9B946-25E8-487F-BF18-0D63B8987FCE}.Debug|Any CPU.ActiveCfg = Debug|Any CPU
		{59A9B946-25E8-487F-BF18-0D63B8987FCE}.Debug|Any CPU.Build.0 = Debug|Any CPU
		{59A9B946-25E8-487F-BF18-0D63B8987FCE}.Release|Any CPU.ActiveCfg = Release|Any CPU
		{59A9B946-25E8-487F-BF18-0D63B8987FCE}.Release|Any CPU.Build.0 = Release|Any CPU
		{18399AF3-A919-436F-ABF1-5982F3486344}.Debug|Any CPU.ActiveCfg = Debug|Any CPU
		{18399AF3-A919-436F-ABF1-5982F3486344}.Debug|Any CPU.Build.0 = Debug|Any CPU
		{18399AF3-A919-436F-ABF1-5982F3486344}.Release|Any CPU.ActiveCfg = Release|Any CPU
		{18399AF3-A919-436F-ABF1-5982F3486344}.Release|Any CPU.Build.0 = Release|Any CPU
		{6FF55941-D889-409F-9751-52FA7BDF8D43}.Debug|Any CPU.ActiveCfg = Debug|Any CPU
		{6FF55941-D889-409F-9751-52FA7BDF8D43}.Debug|Any CPU.Build.0 = Debug|Any CPU
		{6FF55941-D889-409F-9751-52FA7BDF8D43}.Release|Any CPU.ActiveCfg = Release|Any CPU
		{6FF55941-D889-409F-9751-52FA7BDF8D43}.Release|Any CPU.Build.0 = Release|Any CPU
		{FFDF901E-5C3E-47BB-9B50-EB9D3707C378}.Debug|Any CPU.ActiveCfg = Debug|Any CPU
		{FFDF901E-5C3E-47BB-9B50-EB9D3707C378}.Debug|Any CPU.Build.0 = Debug|Any CPU
		{FFDF901E-5C3E-47BB-9B50-EB9D3707C378}.Release|Any CPU.ActiveCfg = Release|Any CPU
		{FFDF901E-5C3E-47BB-9B50-EB9D3707C378}.Release|Any CPU.Build.0 = Release|Any CPU
		{9E292DD7-B9BE-4C37-B74C-3D3A7220A8C2}.Debug|Any CPU.ActiveCfg = Debug|Any CPU
		{9E292DD7-B9BE-4C37-B74C-3D3A7220A8C2}.Debug|Any CPU.Build.0 = Debug|Any CPU
		{9E292DD7-B9BE-4C37-B74C-3D3A7220A8C2}.Release|Any CPU.ActiveCfg = Release|Any CPU
		{9E292DD7-B9BE-4C37-B74C-3D3A7220A8C2}.Release|Any CPU.Build.0 = Release|Any CPU
		{7720F07A-8BA4-416B-B064-1ECCC18F78C7}.Debug|Any CPU.ActiveCfg = Debug|Any CPU
		{7720F07A-8BA4-416B-B064-1ECCC18F78C7}.Debug|Any CPU.Build.0 = Debug|Any CPU
		{7720F07A-8BA4-416B-B064-1ECCC18F78C7}.Release|Any CPU.ActiveCfg = Release|Any CPU
		{7720F07A-8BA4-416B-B064-1ECCC18F78C7}.Release|Any CPU.Build.0 = Release|Any CPU
	EndGlobalSection
	GlobalSection(SolutionProperties) = preSolution
		HideSolutionNode = FALSE
	EndGlobalSection
	GlobalSection(ExtensibilityGlobals) = postSolution
		SolutionGuid = {361809A6-C03A-40DF-B441-0EF1F47026D9}
	EndGlobalSection
EndGlobal
