
Microsoft Visual Studio Solution File, Format Version 12.00
# Visual Studio Version 16
VisualStudioVersion = 16.0.31019.35
MinimumVisualStudioVersion = 10.0.40219.1
Project("{9A19103F-16F7-4668-BE54-9A1E7A4F7556}") = "Task2", "Task2\Task2.csproj", "{458517C2-54E5-4B44-BC7B-C3E847F81BDF}"
EndProject
Project("{9A19103F-16F7-4668-BE54-9A1E7A4F7556}") = "Task3", "Task3\Task3.csproj", "{59A9B946-25E8-487F-BF18-0D63B8987FCE}"
EndProject
Project("{FAE04EC0-301F-11D3-BF4B-00C04F79EFBC}") = "Task4-2_DataSet", "Task4-2_DataSet\Task4-2_DataSet.csproj", "{9796AB91-69E2-4062-8A88-F863802192D0}"
EndProject
Global
	GlobalSection(SolutionConfigurationPlatforms) = preSolution
		Debug|Any CPU = Debug|Any CPU
		Release|Any CPU = Release|Any CPU
	EndGlobalSection
	GlobalSection(ProjectConfigurationPlatforms) = postSolution
		{458517C2-54E5-4B44-BC7B-C3E847F81BDF}.Debug|Any CPU.ActiveCfg = Debug|Any CPU
		{458517C2-54E5-4B44-BC7B-C3E847F81BDF}.Debug|Any CPU.Build.0 = Debug|Any CPU
		{458517C2-54E5-4B44-BC7B-C3E847F81BDF}.Release|Any CPU.ActiveCfg = Release|Any CPU
		{458517C2-54E5-4B44-BC7B-C3E847F81BDF}.Release|Any CPU.Build.0 = Release|Any CPU
		{59A9B946-25E8-487F-BF18-0D63B8987FCE}.Debug|Any CPU.ActiveCfg = Debug|Any CPU
		{59A9B946-25E8-487F-BF18-0D63B8987FCE}.Debug|Any CPU.Build.0 = Debug|Any CPU
		{59A9B946-25E8-487F-BF18-0D63B8987FCE}.Release|Any CPU.ActiveCfg = Release|Any CPU
		{59A9B946-25E8-487F-BF18-0D63B8987FCE}.Release|Any CPU.Build.0 = Release|Any CPU
		{9796AB91-69E2-4062-8A88-F863802192D0}.Debug|Any CPU.ActiveCfg = Debug|Any CPU
		{9796AB91-69E2-4062-8A88-F863802192D0}.Debug|Any CPU.Build.0 = Debug|Any CPU
		{9796AB91-69E2-4062-8A88-F863802192D0}.Release|Any CPU.ActiveCfg = Release|Any CPU
		{9796AB91-69E2-4062-8A88-F863802192D0}.Release|Any CPU.Build.0 = Release|Any CPU
	EndGlobalSection
	GlobalSection(SolutionProperties) = preSolution
		HideSolutionNode = FALSE
	EndGlobalSection
	GlobalSection(ExtensibilityGlobals) = postSolution
		SolutionGuid = {361809A6-C03A-40DF-B441-0EF1F47026D9}
	EndGlobalSection
EndGlobal
