
Microsoft Visual Studio Solution File, Format Version 12.00
# Visual Studio Version 16
VisualStudioVersion = 16.0.31019.35
MinimumVisualStudioVersion = 10.0.40219.1
Project("{9A19103F-16F7-4668-BE54-9A1E7A4F7556}") = "Task2", "Task2\Task2.csproj", "{458517C2-54E5-4B44-BC7B-C3E847F81BDF}"
EndProject
Project("{9A19103F-16F7-4668-BE54-9A1E7A4F7556}") = "Task3", "Task3\Task3.csproj", "{59A9B946-25E8-487F-BF18-0D63B8987FCE}"
EndProject
Project("{9A19103F-16F7-4668-BE54-9A1E7A4F7556}") = "Task5", "Task5\Task5.csproj", "{18399AF3-A919-436F-ABF1-5982F3486344}"
EndProject
Project("{9A19103F-16F7-4668-BE54-9A1E7A4F7556}") = "Task4", "Task4\Task4.csproj", "{6FF55941-D889-409F-9751-52FA7BDF8D43}"
EndProject
Project("{9A19103F-16F7-4668-BE54-9A1E7A4F7556}") = "Task6", "Task6\Task6.csproj", "{FFDF901E-5C3E-47BB-9B50-EB9D3707C378}"
EndProject
Project("{9A19103F-16F7-4668-BE54-9A1E7A4F7556}") = "Task7", "Task7\Task7.csproj", "{9E292DD7-B9BE-4C37-B74C-3D3A7220A8C2}"
EndProject
Project("{FAE04EC0-301F-11D3-BF4B-00C04F79EFBC}") = "Task8", "Task8\Task8.csproj", "{7720F07A-8BA4-416B-B064-1ECCC18F78C7}"
EndProject
Project("{FAE04EC0-301F-11D3-BF4B-00C04F79EFBC}") = "Task9", "Task9\Task9.csproj", "{FDF7338B-9A86-48BA-91C6-3E1984FD7F22}"
EndProject
Project("{FAE04EC0-301F-11D3-BF4B-00C04F79EFBC}") = "Task10", "Task10\Task10.csproj", "{CBB855ED-8428-4D85-BD92-DDE701517CEB}"
EndProject
Project("{FAE04EC0-301F-11D3-BF4B-00C04F79EFBC}") = "Task13", "Task13\Task13.csproj", "{C643088B-1098-426A-BDD6-1659530871B7}"
EndProject
Project("{FAE04EC0-301F-11D3-BF4B-00C04F79EFBC}") = "Task12", "Task12\Task12.csproj", "{F92118F2-EFA3-4B65-8A92-22253B36EA65}"
EndProject
Project("{FAE04EC0-301F-11D3-BF4B-00C04F79EFBC}") = "LibTest2", "LibTest2\LibTest2.csproj", "{E92B3E98-7E15-4A73-85BB-8D216E6E54F9}"
EndProject
Project("{FAE04EC0-301F-11D3-BF4B-00C04F79EFBC}") = "LibTest1", "LibTest1\LibTest1.csproj", "{173F2252-A369-432E-B4B9-43402CEA3B9F}"
EndProject
Global
	GlobalSection(SolutionConfigurationPlatforms) = preSolution
		Debug|Any CPU = Debug|Any CPU
		Release|Any CPU = Release|Any CPU
	EndGlobalSection
	GlobalSection(ProjectConfigurationPlatforms) = postSolution
		{458517C2-54E5-4B44-BC7B-C3E847F81BDF}.Debug|Any CPU.ActiveCfg = Debug|Any CPU
		{458517C2-54E5-4B44-BC7B-C3E847F81BDF}.Debug|Any CPU.Build.0 = Debug|Any CPU
		{458517C2-54E5-4B44-BC7B-C3E847F81BDF}.Release|Any CPU.ActiveCfg = Release|Any CPU
		{458517C2-54E5-4B44-BC7B-C3E847F81BDF}.Release|Any CPU.Build.0 = Release|Any CPU
		{59A9B946-25E8-487F-BF18-0D63B8987FCE}.Debug|Any CPU.ActiveCfg = Debug|Any CPU
		{59A9B946-25E8-487F-BF18-0D63B8987FCE}.Debug|Any CPU.Build.0 = Debug|Any CPU
		{59A9B946-25E8-487F-BF18-0D63B8987FCE}.Release|Any CPU.ActiveCfg = Release|Any CPU
		{59A9B946-25E8-487F-BF18-0D63B8987FCE}.Release|Any CPU.Build.0 = Release|Any CPU
		{18399AF3-A919-436F-ABF1-5982F3486344}.Debug|Any CPU.ActiveCfg = Debug|Any CPU
		{18399AF3-A919-436F-ABF1-5982F3486344}.Debug|Any CPU.Build.0 = Debug|Any CPU
		{18399AF3-A919-436F-ABF1-5982F3486344}.Release|Any CPU.ActiveCfg = Release|Any CPU
		{18399AF3-A919-436F-ABF1-5982F3486344}.Release|Any CPU.Build.0 = Release|Any CPU
		{6FF55941-D889-409F-9751-52FA7BDF8D43}.Debug|Any CPU.ActiveCfg = Debug|Any CPU
		{6FF55941-D889-409F-9751-52FA7BDF8D43}.Debug|Any CPU.Build.0 = Debug|Any CPU
		{6FF55941-D889-409F-9751-52FA7BDF8D43}.Release|Any CPU.ActiveCfg = Release|Any CPU
		{6FF55941-D889-409F-9751-52FA7BDF8D43}.Release|Any CPU.Build.0 = Release|Any CPU
		{FFDF901E-5C3E-47BB-9B50-EB9D3707C378}.Debug|Any CPU.ActiveCfg = Debug|Any CPU
		{FFDF901E-5C3E-47BB-9B50-EB9D3707C378}.Debug|Any CPU.Build.0 = Debug|Any CPU
		{FFDF901E-5C3E-47BB-9B50-EB9D3707C378}.Release|Any CPU.ActiveCfg = Release|Any CPU
		{FFDF901E-5C3E-47BB-9B50-EB9D3707C378}.Release|Any CPU.Build.0 = Release|Any CPU
		{9E292DD7-B9BE-4C37-B74C-3D3A7220A8C2}.Debug|Any CPU.ActiveCfg = Debug|Any CPU
		{9E292DD7-B9BE-4C37-B74C-3D3A7220A8C2}.Debug|Any CPU.Build.0 = Debug|Any CPU
		{9E292DD7-B9BE-4C37-B74C-3D3A7220A8C2}.Release|Any CPU.ActiveCfg = Release|Any CPU
		{9E292DD7-B9BE-4C37-B74C-3D3A7220A8C2}.Release|Any CPU.Build.0 = Release|Any CPU
		{7720F07A-8BA4-416B-B064-1ECCC18F78C7}.Debug|Any CPU.ActiveCfg = Debug|Any CPU
		{7720F07A-8BA4-416B-B064-1ECCC18F78C7}.Debug|Any CPU.Build.0 = Debug|Any CPU
		{7720F07A-8BA4-416B-B064-1ECCC18F78C7}.Release|Any CPU.ActiveCfg = Release|Any CPU
		{7720F07A-8BA4-416B-B064-1ECCC18F78C7}.Release|Any CPU.Build.0 = Release|Any CPU
		{FDF7338B-9A86-48BA-91C6-3E1984FD7F22}.Debug|Any CPU.ActiveCfg = Debug|Any CPU
		{FDF7338B-9A86-48BA-91C6-3E1984FD7F22}.Debug|Any CPU.Build.0 = Debug|Any CPU
		{FDF7338B-9A86-48BA-91C6-3E1984FD7F22}.Release|Any CPU.ActiveCfg = Release|Any CPU
		{FDF7338B-9A86-48BA-91C6-3E1984FD7F22}.Release|Any CPU.Build.0 = Release|Any CPU
		{CBB855ED-8428-4D85-BD92-DDE701517CEB}.Debug|Any CPU.ActiveCfg = Debug|Any CPU
		{CBB855ED-8428-4D85-BD92-DDE701517CEB}.Debug|Any CPU.Build.0 = Debug|Any CPU
		{CBB855ED-8428-4D85-BD92-DDE701517CEB}.Release|Any CPU.ActiveCfg = Release|Any CPU
		{CBB855ED-8428-4D85-BD92-DDE701517CEB}.Release|Any CPU.Build.0 = Release|Any CPU
		{C643088B-1098-426A-BDD6-1659530871B7}.Debug|Any CPU.ActiveCfg = Debug|Any CPU
		{C643088B-1098-426A-BDD6-1659530871B7}.Debug|Any CPU.Build.0 = Debug|Any CPU
		{C643088B-1098-426A-BDD6-1659530871B7}.Release|Any CPU.ActiveCfg = Release|Any CPU
		{C643088B-1098-426A-BDD6-1659530871B7}.Release|Any CPU.Build.0 = Release|Any CPU
		{CBB855ED-8428-4D85-BD92-DDE701517CEB}.Debug|Any CPU.ActiveCfg = Debug|Any CPU
		{CBB855ED-8428-4D85-BD92-DDE701517CEB}.Debug|Any CPU.Build.0 = Debug|Any CPU
		{CBB855ED-8428-4D85-BD92-DDE701517CEB}.Release|Any CPU.ActiveCfg = Release|Any CPU
		{CBB855ED-8428-4D85-BD92-DDE701517CEB}.Release|Any CPU.Build.0 = Release|Any CPU
		{F92118F2-EFA3-4B65-8A92-22253B36EA65}.Debug|Any CPU.ActiveCfg = Debug|Any CPU
		{F92118F2-EFA3-4B65-8A92-22253B36EA65}.Debug|Any CPU.Build.0 = Debug|Any CPU
		{F92118F2-EFA3-4B65-8A92-22253B36EA65}.Release|Any CPU.ActiveCfg = Release|Any CPU
		{F92118F2-EFA3-4B65-8A92-22253B36EA65}.Release|Any CPU.Build.0 = Release|Any CPU
		{E92B3E98-7E15-4A73-85BB-8D216E6E54F9}.Debug|Any CPU.ActiveCfg = Debug|Any CPU
		{E92B3E98-7E15-4A73-85BB-8D216E6E54F9}.Debug|Any CPU.Build.0 = Debug|Any CPU
		{E92B3E98-7E15-4A73-85BB-8D216E6E54F9}.Release|Any CPU.ActiveCfg = Release|Any CPU
		{E92B3E98-7E15-4A73-85BB-8D216E6E54F9}.Release|Any CPU.Build.0 = Release|Any CPU
		{173F2252-A369-432E-B4B9-43402CEA3B9F}.Debug|Any CPU.ActiveCfg = Debug|Any CPU
		{173F2252-A369-432E-B4B9-43402CEA3B9F}.Debug|Any CPU.Build.0 = Debug|Any CPU
		{173F2252-A369-432E-B4B9-43402CEA3B9F}.Release|Any CPU.ActiveCfg = Release|Any CPU
		{173F2252-A369-432E-B4B9-43402CEA3B9F}.Release|Any CPU.Build.0 = Release|Any CPU
	EndGlobalSection
	GlobalSection(SolutionProperties) = preSolution
		HideSolutionNode = FALSE
	EndGlobalSection
	GlobalSection(ExtensibilityGlobals) = postSolution
		SolutionGuid = {361809A6-C03A-40DF-B441-0EF1F47026D9}
	EndGlobalSection
EndGlobal
